
Microsoft Visual Studio Solution File, Format Version 12.00
# Visual Studio Version 17
VisualStudioVersion = 17.8.34330.188
MinimumVisualStudioVersion = 10.0.40219.1
Project("{FAE04EC0-301F-11D3-BF4B-00C04F79EFBC}") = "Food_Haven.Web", "Food_Haven.Web\Food_Haven.Web.csproj", "{42FBD27C-E5E1-4338-951B-0937887252AE}"
EndProject
Project("{FAE04EC0-301F-11D3-BF4B-00C04F79EFBC}") = "BusinessLogic", "BusinessLogic\BusinessLogic.csproj", "{B5A0C412-C348-45B8-A32A-3D41FD184A15}"
EndProject
Project("{FAE04EC0-301F-11D3-BF4B-00C04F79EFBC}") = "Models", "Models\Models.csproj", "{6FE69280-D143-410C-B948-037FD90F1327}"
EndProject
Project("{FAE04EC0-301F-11D3-BF4B-00C04F79EFBC}") = "Repository", "Repository\Repository.csproj", "{212D3E02-4B5D-468D-B2F7-DEB325D05E4F}"
EndProject
Global
	GlobalSection(SolutionConfigurationPlatforms) = preSolution
		Debug|Any CPU = Debug|Any CPU
		Release|Any CPU = Release|Any CPU
	EndGlobalSection
	GlobalSection(ProjectConfigurationPlatforms) = postSolution
		{42FBD27C-E5E1-4338-951B-0937887252AE}.Debug|Any CPU.ActiveCfg = Debug|Any CPU
		{42FBD27C-E5E1-4338-951B-0937887252AE}.Debug|Any CPU.Build.0 = Debug|Any CPU
		{42FBD27C-E5E1-4338-951B-0937887252AE}.Release|Any CPU.ActiveCfg = Release|Any CPU
		{42FBD27C-E5E1-4338-951B-0937887252AE}.Release|Any CPU.Build.0 = Release|Any CPU
		{B5A0C412-C348-45B8-A32A-3D41FD184A15}.Debug|Any CPU.ActiveCfg = Debug|Any CPU
		{B5A0C412-C348-45B8-A32A-3D41FD184A15}.Debug|Any CPU.Build.0 = Debug|Any CPU
		{B5A0C412-C348-45B8-A32A-3D41FD184A15}.Release|Any CPU.ActiveCfg = Release|Any CPU
		{B5A0C412-C348-45B8-A32A-3D41FD184A15}.Release|Any CPU.Build.0 = Release|Any CPU
		{6FE69280-D143-410C-B948-037FD90F1327}.Debug|Any CPU.ActiveCfg = Debug|Any CPU
		{6FE69280-D143-410C-B948-037FD90F1327}.Debug|Any CPU.Build.0 = Debug|Any CPU
		{6FE69280-D143-410C-B948-037FD90F1327}.Release|Any CPU.ActiveCfg = Release|Any CPU
		{6FE69280-D143-410C-B948-037FD90F1327}.Release|Any CPU.Build.0 = Release|Any CPU
		{212D3E02-4B5D-468D-B2F7-DEB325D05E4F}.Debug|Any CPU.ActiveCfg = Debug|Any CPU
		{212D3E02-4B5D-468D-B2F7-DEB325D05E4F}.Debug|Any CPU.Build.0 = Debug|Any CPU
		{212D3E02-4B5D-468D-B2F7-DEB325D05E4F}.Release|Any CPU.ActiveCfg = Release|Any CPU
		{212D3E02-4B5D-468D-B2F7-DEB325D05E4F}.Release|Any CPU.Build.0 = Release|Any CPU
	EndGlobalSection
	GlobalSection(SolutionProperties) = preSolution
		HideSolutionNode = FALSE
	EndGlobalSection
	GlobalSection(ExtensibilityGlobals) = postSolution
		SolutionGuid = {A665B8E8-74BD-4C76-814F-64BD719D0EF3}
	EndGlobalSection
EndGlobal
